
Microsoft Visual Studio Solution File, Format Version 12.00
# Visual Studio 15
VisualStudioVersion = 15.0.27703.2026
MinimumVisualStudioVersion = 10.0.40219.1
Project("{FAE04EC0-301F-11D3-BF4B-00C04F79EFBC}") = "ODESystem", "ODESystem\ODESystem.csproj", "{CC4917C2-5AC1-4BA0-9127-D3A810B702E6}"
EndProject
Global
	GlobalSection(SolutionConfigurationPlatforms) = preSolution
		Debug|Any CPU = Debug|Any CPU
		Release|Any CPU = Release|Any CPU
	EndGlobalSection
	GlobalSection(ProjectConfigurationPlatforms) = postSolution
		{CC4917C2-5AC1-4BA0-9127-D3A810B702E6}.Debug|Any CPU.ActiveCfg = Debug|Any CPU
		{CC4917C2-5AC1-4BA0-9127-D3A810B702E6}.Debug|Any CPU.Build.0 = Debug|Any CPU
		{CC4917C2-5AC1-4BA0-9127-D3A810B702E6}.Release|Any CPU.ActiveCfg = Release|Any CPU
		{CC4917C2-5AC1-4BA0-9127-D3A810B702E6}.Release|Any CPU.Build.0 = Release|Any CPU
	EndGlobalSection
	GlobalSection(SolutionProperties) = preSolution
		HideSolutionNode = FALSE
	EndGlobalSection
	GlobalSection(ExtensibilityGlobals) = postSolution
		SolutionGuid = {34CFD409-8EC5-43CD-9A40-7E18AA9A64F8}
	EndGlobalSection
EndGlobal
